{
  "name": "websockets",
  "lockfileVersion": 3,
  "requires": true,
  "packages": {
    "": {
      "dependencies": {
        "systeminformation": "^5.27.1",
        "ws": "^8.18.2"
      }
    },
    "node_modules/systeminformation": {
      "version": "5.27.1",
      "resolved": "https://registry.npmjs.org/systeminformation/-/systeminformation-5.27.1.tgz",
      "integrity": "sha512-FgkVpT6GgATtNvADgtEzDxI/SVaBisfnQ4fmgQZhCJ4335noTgt9q6O81ioHwzs9HgnJaaFSdHSEMIkneZ55iA==",
      "license": "MIT",
      "os": [
        "darwin",
        "linux",
        "win32",
        "freebsd",
        "openbsd",
        "netbsd",
        "sunos",
        "android"
      ],
      "bin": {
        "systeminformation": "lib/cli.js"
      },
      "engines": {
        "node": ">=8.0.0"
      },
      "funding": {
        "type": "Buy me a coffee",
        "url": "https://www.buymeacoffee.com/systeminfo"
      }
    },
    "node_modules/ws": {
      "version": "8.18.2",
      "resolved": "https://registry.npmjs.org/ws/-/ws-8.18.2.tgz",
      "integrity": "sha512-DMricUmwGZUVr++AEAe2uiVM7UoO9MAVZMDu05UQOaUII0lp+zOzLLU4Xqh/JvTqklB1T4uELaaPBKyjE1r4fQ==",
      "license": "MIT",
      "engines": {
        "node": ">=10.0.0"
      },
      "peerDependencies": {
        "bufferutil": "^4.0.1",
        "utf-8-validate": ">=5.0.2"
      },
      "peerDependenciesMeta": {
        "bufferutil": {
          "optional": true
        },
        "utf-8-validate": {
          "optional": true
        }
      }
    }
  }
}
